
Microsoft Visual Studio Solution File, Format Version 12.00
# Visual Studio Version 17
VisualStudioVersion = 17.2.32526.322
MinimumVisualStudioVersion = 10.0.40219.1
Project("{9A19103F-16F7-4668-BE54-9A1E7A4F7556}") = "WebExpress", "..\..\..\WebExpress\core\WebExpress\WebExpress.csproj", "{46D23D25-5773-4693-B3C2-728D3D3BB4FF}"
EndProject
Project("{9A19103F-16F7-4668-BE54-9A1E7A4F7556}") = "WebExpress.UI", "..\..\..\WebExpress\core\WebExpress.UI\WebExpress.UI.csproj", "{97145FC0-8EF7-4DCC-9CFD-7C54474E4936}"
EndProject
Project("{9A19103F-16F7-4668-BE54-9A1E7A4F7556}") = "WebExpress.App", "..\..\..\WebExpress\core\WebExpress.App\WebExpress.App.csproj", "{73B383B7-D483-484B-B6BA-E440714CF5F7}"
EndProject
Project("{9A19103F-16F7-4668-BE54-9A1E7A4F7556}") = "WebExpress.AppNavigator", "WebExpress.Agent\WebExpress.AppNavigator.csproj", "{82DE3F64-2A13-49D2-90DB-EB9DBF5E1DF9}"
EndProject
Project("{9A19103F-16F7-4668-BE54-9A1E7A4F7556}") = "WebExpress.WebApp", "..\..\..\WebExpress\core\WebExpress.WebApp\WebExpress.WebApp.csproj", "{30B00EC8-3C77-4F37-84AA-1428892B2E38}"
EndProject
Global
	GlobalSection(SolutionConfigurationPlatforms) = preSolution
		Debug|Any CPU = Debug|Any CPU
		Release|Any CPU = Release|Any CPU
	EndGlobalSection
	GlobalSection(ProjectConfigurationPlatforms) = postSolution
		{46D23D25-5773-4693-B3C2-728D3D3BB4FF}.Debug|Any CPU.ActiveCfg = Debug|Any CPU
		{46D23D25-5773-4693-B3C2-728D3D3BB4FF}.Debug|Any CPU.Build.0 = Debug|Any CPU
		{46D23D25-5773-4693-B3C2-728D3D3BB4FF}.Release|Any CPU.ActiveCfg = Release|Any CPU
		{46D23D25-5773-4693-B3C2-728D3D3BB4FF}.Release|Any CPU.Build.0 = Release|Any CPU
		{97145FC0-8EF7-4DCC-9CFD-7C54474E4936}.Debug|Any CPU.ActiveCfg = Debug|Any CPU
		{97145FC0-8EF7-4DCC-9CFD-7C54474E4936}.Debug|Any CPU.Build.0 = Debug|Any CPU
		{97145FC0-8EF7-4DCC-9CFD-7C54474E4936}.Release|Any CPU.ActiveCfg = Release|Any CPU
		{97145FC0-8EF7-4DCC-9CFD-7C54474E4936}.Release|Any CPU.Build.0 = Release|Any CPU
		{73B383B7-D483-484B-B6BA-E440714CF5F7}.Debug|Any CPU.ActiveCfg = Debug|Any CPU
		{73B383B7-D483-484B-B6BA-E440714CF5F7}.Debug|Any CPU.Build.0 = Debug|Any CPU
		{73B383B7-D483-484B-B6BA-E440714CF5F7}.Release|Any CPU.ActiveCfg = Release|Any CPU
		{73B383B7-D483-484B-B6BA-E440714CF5F7}.Release|Any CPU.Build.0 = Release|Any CPU
		{82DE3F64-2A13-49D2-90DB-EB9DBF5E1DF9}.Debug|Any CPU.ActiveCfg = Debug|Any CPU
		{82DE3F64-2A13-49D2-90DB-EB9DBF5E1DF9}.Debug|Any CPU.Build.0 = Debug|Any CPU
		{82DE3F64-2A13-49D2-90DB-EB9DBF5E1DF9}.Release|Any CPU.ActiveCfg = Release|Any CPU
		{82DE3F64-2A13-49D2-90DB-EB9DBF5E1DF9}.Release|Any CPU.Build.0 = Release|Any CPU
		{30B00EC8-3C77-4F37-84AA-1428892B2E38}.Debug|Any CPU.ActiveCfg = Debug|Any CPU
		{30B00EC8-3C77-4F37-84AA-1428892B2E38}.Debug|Any CPU.Build.0 = Debug|Any CPU
		{30B00EC8-3C77-4F37-84AA-1428892B2E38}.Release|Any CPU.ActiveCfg = Release|Any CPU
		{30B00EC8-3C77-4F37-84AA-1428892B2E38}.Release|Any CPU.Build.0 = Release|Any CPU
	EndGlobalSection
	GlobalSection(SolutionProperties) = preSolution
		HideSolutionNode = FALSE
	EndGlobalSection
	GlobalSection(ExtensibilityGlobals) = postSolution
		SolutionGuid = {228652A4-7AA3-44DC-A0C1-3DF9603AD5EB}
	EndGlobalSection
EndGlobal
